
Microsoft Visual Studio Solution File, Format Version 12.00
# Visual Studio 2013
VisualStudioVersion = 12.0.21005.1
MinimumVisualStudioVersion = 10.0.40219.1
Project("{FAE04EC0-301F-11D3-BF4B-00C04F79EFBC}") = "EIPP.SocketSendEmailKarthi", "ClassLibrary1\EIPP.SocketSendEmailKarthi.csproj", "{A7AD8A38-832E-4BAB-9EB9-FB53D02D120D}"
EndProject
Global
	GlobalSection(SolutionConfigurationPlatforms) = preSolution
		Debug|Any CPU = Debug|Any CPU
		Release|Any CPU = Release|Any CPU
	EndGlobalSection
	GlobalSection(ProjectConfigurationPlatforms) = postSolution
		{A7AD8A38-832E-4BAB-9EB9-FB53D02D120D}.Debug|Any CPU.ActiveCfg = Debug|Any CPU
		{A7AD8A38-832E-4BAB-9EB9-FB53D02D120D}.Debug|Any CPU.Build.0 = Debug|Any CPU
		{A7AD8A38-832E-4BAB-9EB9-FB53D02D120D}.Release|Any CPU.ActiveCfg = Release|Any CPU
		{A7AD8A38-832E-4BAB-9EB9-FB53D02D120D}.Release|Any CPU.Build.0 = Release|Any CPU
	EndGlobalSection
	GlobalSection(SolutionProperties) = preSolution
		HideSolutionNode = FALSE
	EndGlobalSection
EndGlobal
